
Microsoft Visual Studio Solution File, Format Version 12.00
# Visual Studio Version 17
VisualStudioVersion = 17.11.35222.181
MinimumVisualStudioVersion = 10.0.40219.1
Project("{FAE04EC0-301F-11D3-BF4B-00C04F79EFBC}") = "aoc_15", "aoc_15.csproj", "{AFE625D5-8507-4792-8FFB-520CD9100C73}"
EndProject
Global
	GlobalSection(SolutionConfigurationPlatforms) = preSolution
		Debug|Any CPU = Debug|Any CPU
		Release|Any CPU = Release|Any CPU
	EndGlobalSection
	GlobalSection(ProjectConfigurationPlatforms) = postSolution
		{AFE625D5-8507-4792-8FFB-520CD9100C73}.Debug|Any CPU.ActiveCfg = Debug|Any CPU
		{AFE625D5-8507-4792-8FFB-520CD9100C73}.Debug|Any CPU.Build.0 = Debug|Any CPU
		{AFE625D5-8507-4792-8FFB-520CD9100C73}.Release|Any CPU.ActiveCfg = Release|Any CPU
		{AFE625D5-8507-4792-8FFB-520CD9100C73}.Release|Any CPU.Build.0 = Release|Any CPU
	EndGlobalSection
	GlobalSection(SolutionProperties) = preSolution
		HideSolutionNode = FALSE
	EndGlobalSection
	GlobalSection(ExtensibilityGlobals) = postSolution
		SolutionGuid = {736A3A07-965F-41CE-9803-55453B5C6183}
	EndGlobalSection
EndGlobal
