
Microsoft Visual Studio Solution File, Format Version 12.00
# Visual Studio Version 17
VisualStudioVersion = 17.11.35222.181
MinimumVisualStudioVersion = 10.0.40219.1
Project("{FAE04EC0-301F-11D3-BF4B-00C04F79EFBC}") = "aoc_12_02", "aoc_12_02.csproj", "{039240B8-8A50-4191-8B5B-BE9694E10B96}"
EndProject
Global
	GlobalSection(SolutionConfigurationPlatforms) = preSolution
		Debug|Any CPU = Debug|Any CPU
		Release|Any CPU = Release|Any CPU
	EndGlobalSection
	GlobalSection(ProjectConfigurationPlatforms) = postSolution
		{039240B8-8A50-4191-8B5B-BE9694E10B96}.Debug|Any CPU.ActiveCfg = Debug|Any CPU
		{039240B8-8A50-4191-8B5B-BE9694E10B96}.Debug|Any CPU.Build.0 = Debug|Any CPU
		{039240B8-8A50-4191-8B5B-BE9694E10B96}.Release|Any CPU.ActiveCfg = Release|Any CPU
		{039240B8-8A50-4191-8B5B-BE9694E10B96}.Release|Any CPU.Build.0 = Release|Any CPU
	EndGlobalSection
	GlobalSection(SolutionProperties) = preSolution
		HideSolutionNode = FALSE
	EndGlobalSection
	GlobalSection(ExtensibilityGlobals) = postSolution
		SolutionGuid = {79990CB6-56A9-4C2E-BEF6-F2F4E6B192AB}
	EndGlobalSection
EndGlobal
