
Microsoft Visual Studio Solution File, Format Version 12.00
# Visual Studio Version 17
VisualStudioVersion = 17.11.35222.181
MinimumVisualStudioVersion = 10.0.40219.1
Project("{FAE04EC0-301F-11D3-BF4B-00C04F79EFBC}") = "aoc_21_1", "aoc_21_1.csproj", "{C071A8B6-E312-48CD-89A7-17A3028F300E}"
EndProject
Global
	GlobalSection(SolutionConfigurationPlatforms) = preSolution
		Debug|Any CPU = Debug|Any CPU
		Release|Any CPU = Release|Any CPU
	EndGlobalSection
	GlobalSection(ProjectConfigurationPlatforms) = postSolution
		{C071A8B6-E312-48CD-89A7-17A3028F300E}.Debug|Any CPU.ActiveCfg = Debug|Any CPU
		{C071A8B6-E312-48CD-89A7-17A3028F300E}.Debug|Any CPU.Build.0 = Debug|Any CPU
		{C071A8B6-E312-48CD-89A7-17A3028F300E}.Release|Any CPU.ActiveCfg = Release|Any CPU
		{C071A8B6-E312-48CD-89A7-17A3028F300E}.Release|Any CPU.Build.0 = Release|Any CPU
	EndGlobalSection
	GlobalSection(SolutionProperties) = preSolution
		HideSolutionNode = FALSE
	EndGlobalSection
	GlobalSection(ExtensibilityGlobals) = postSolution
		SolutionGuid = {75189346-B0EA-4621-AA83-FC62291914B7}
	EndGlobalSection
EndGlobal
