
Microsoft Visual Studio Solution File, Format Version 12.00
# Visual Studio Version 17
VisualStudioVersion = 17.11.35222.181
MinimumVisualStudioVersion = 10.0.40219.1
Project("{FAE04EC0-301F-11D3-BF4B-00C04F79EFBC}") = "aoc_22_2", "aoc_22_2.csproj", "{29F04ABF-03AE-4BEF-B0A7-F1D7D3595542}"
EndProject
Global
	GlobalSection(SolutionConfigurationPlatforms) = preSolution
		Debug|Any CPU = Debug|Any CPU
		Release|Any CPU = Release|Any CPU
	EndGlobalSection
	GlobalSection(ProjectConfigurationPlatforms) = postSolution
		{29F04ABF-03AE-4BEF-B0A7-F1D7D3595542}.Debug|Any CPU.ActiveCfg = Debug|Any CPU
		{29F04ABF-03AE-4BEF-B0A7-F1D7D3595542}.Debug|Any CPU.Build.0 = Debug|Any CPU
		{29F04ABF-03AE-4BEF-B0A7-F1D7D3595542}.Release|Any CPU.ActiveCfg = Release|Any CPU
		{29F04ABF-03AE-4BEF-B0A7-F1D7D3595542}.Release|Any CPU.Build.0 = Release|Any CPU
	EndGlobalSection
	GlobalSection(SolutionProperties) = preSolution
		HideSolutionNode = FALSE
	EndGlobalSection
	GlobalSection(ExtensibilityGlobals) = postSolution
		SolutionGuid = {E267DED7-7F6F-4D8D-B232-D0DF470EA13B}
	EndGlobalSection
EndGlobal
