
Microsoft Visual Studio Solution File, Format Version 12.00
# Visual Studio Version 17
VisualStudioVersion = 17.11.35222.181
MinimumVisualStudioVersion = 10.0.40219.1
Project("{FAE04EC0-301F-11D3-BF4B-00C04F79EFBC}") = "aoc_14_2", "aoc_14_2.csproj", "{7CCD2774-E860-4AB7-81F6-120444F071EC}"
EndProject
Global
	GlobalSection(SolutionConfigurationPlatforms) = preSolution
		Debug|Any CPU = Debug|Any CPU
		Release|Any CPU = Release|Any CPU
	EndGlobalSection
	GlobalSection(ProjectConfigurationPlatforms) = postSolution
		{7CCD2774-E860-4AB7-81F6-120444F071EC}.Debug|Any CPU.ActiveCfg = Debug|Any CPU
		{7CCD2774-E860-4AB7-81F6-120444F071EC}.Debug|Any CPU.Build.0 = Debug|Any CPU
		{7CCD2774-E860-4AB7-81F6-120444F071EC}.Release|Any CPU.ActiveCfg = Release|Any CPU
		{7CCD2774-E860-4AB7-81F6-120444F071EC}.Release|Any CPU.Build.0 = Release|Any CPU
	EndGlobalSection
	GlobalSection(SolutionProperties) = preSolution
		HideSolutionNode = FALSE
	EndGlobalSection
	GlobalSection(ExtensibilityGlobals) = postSolution
		SolutionGuid = {416971E5-6DDB-4D2D-A42F-A248C339A276}
	EndGlobalSection
EndGlobal
