
Microsoft Visual Studio Solution File, Format Version 12.00
# Visual Studio Version 17
VisualStudioVersion = 17.11.35222.181
MinimumVisualStudioVersion = 10.0.40219.1
Project("{FAE04EC0-301F-11D3-BF4B-00C04F79EFBC}") = "aoc_03", "aoc_03.csproj", "{AF27A4FF-B7AF-4501-B7C6-F0BB24A8BCC6}"
EndProject
Global
	GlobalSection(SolutionConfigurationPlatforms) = preSolution
		Debug|Any CPU = Debug|Any CPU
		Release|Any CPU = Release|Any CPU
	EndGlobalSection
	GlobalSection(ProjectConfigurationPlatforms) = postSolution
		{AF27A4FF-B7AF-4501-B7C6-F0BB24A8BCC6}.Debug|Any CPU.ActiveCfg = Debug|Any CPU
		{AF27A4FF-B7AF-4501-B7C6-F0BB24A8BCC6}.Debug|Any CPU.Build.0 = Debug|Any CPU
		{AF27A4FF-B7AF-4501-B7C6-F0BB24A8BCC6}.Release|Any CPU.ActiveCfg = Release|Any CPU
		{AF27A4FF-B7AF-4501-B7C6-F0BB24A8BCC6}.Release|Any CPU.Build.0 = Release|Any CPU
	EndGlobalSection
	GlobalSection(SolutionProperties) = preSolution
		HideSolutionNode = FALSE
	EndGlobalSection
	GlobalSection(ExtensibilityGlobals) = postSolution
		SolutionGuid = {F84A5CB8-85E3-434C-B62B-31E69B68BB5A}
	EndGlobalSection
EndGlobal
